// !$*UTF8*$!
{
	archiveVersion = 1;
	classes = {
	};
	objectVersion = 50;
	objects = {

/* Begin PBXBuildFile section */
		CCA3E78224DE538700D82737 /* AppDelegate.swift in Sources */ = {isa = PBXBuildFile; fileRef = CCA3E78124DE538700D82737 /* AppDelegate.swift */; };
		CCA3E78424DE538700D82737 /* SceneDelegate.swift in Sources */ = {isa = PBXBuildFile; fileRef = CCA3E78324DE538700D82737 /* SceneDelegate.swift */; };
		CCA3E78624DE538700D82737 /* ViewController.swift in Sources */ = {isa = PBXBuildFile; fileRef = CCA3E78524DE538700D82737 /* ViewController.swift */; };
		CCA3E78924DE538700D82737 /* Main.storyboard in Resources */ = {isa = PBXBuildFile; fileRef = CCA3E78724DE538700D82737 /* Main.storyboard */; };
		CCA3E78B24DE538800D82737 /* Assets.xcassets in Resources */ = {isa = PBXBuildFile; fileRef = CCA3E78A24DE538800D82737 /* Assets.xcassets */; };
		CCA3E78E24DE538800D82737 /* LaunchScreen.storyboard in Resources */ = {isa = PBXBuildFile; fileRef = CCA3E78C24DE538800D82737 /* LaunchScreen.storyboard */; };
/* End PBXBuildFile section */

/* Begin PBXFileReference section */
		CCA3E77E24DE538700D82737 /* SpritekitTestApp.app */ = {isa = PBXFileReference; explicitFileType = wrapper.application; includeInIndex = 0; path = SpritekitTestApp.app; sourceTree = BUILT_PRODUCTS_DIR; };
		CCA3E78124DE538700D82737 /* AppDelegate.swift */ = {isa = PBXFileReference; lastKnownFileType = sourcecode.swift; path = AppDelegate.swift; sourceTree = "<group>"; };
		CCA3E78324DE538700D82737 /* SceneDelegate.swift */ = {isa = PBXFileReference; lastKnownFileType = sourcecode.swift; path = SceneDelegate.swift; sourceTree = "<group>"; };
		CCA3E78524DE538700D82737 /* ViewController.swift */ = {isa = PBXFileReference; lastKnownFileType = sourcecode.swift; path = ViewController.swift; sourceTree = "<group>"; };
		CCA3E78824DE538700D82737 /* Base */ = {isa = PBXFileReference; lastKnownFileType = file.storyboard; name = Base; path = Base.lproj/Main.storyboard; sourceTree = "<group>"; };
		CCA3E78A24DE538800D82737 /* Assets.xcassets */ = {isa = PBXFileReference; lastKnownFileType = folder.assetcatalog; path = Assets.xcassets; sourceTree = "<group>"; };
		CCA3E78D24DE538800D82737 /* Base */ = {isa = PBXFileReference; lastKnownFileType = file.storyboard; name = Base; path = Base.lproj/LaunchScreen.storyboard; sourceTree = "<group>"; };
		CCA3E78F24DE538800D82737 /* Info.plist */ = {isa = PBXFileReference; lastKnownFileType = text.plist.xml; path = Info.plist; sourceTree = "<group>"; };
/* End PBXFileReference section */

/* Begin PBXFrameworksBuildPhase section */
		CCA3E77B24DE538700D82737 /* Frameworks */ = {
			isa = PBXFrameworksBuildPhase;
			buildActionMask = 2147483647;
			files = (
			);
			runOnlyForDeploymentPostprocessing = 0;
		};
/* End PBXFrameworksBuildPhase section */

/* Begin PBXGroup section */
		CCA3E77524DE538700D82737 = {
			isa = PBXGroup;
			children = (
				CCA3E78024DE538700D82737 /* SpritekitTestApp */,
				CCA3E77F24DE538700D82737 /* Products */,
			);
			sourceTree = "<group>";
		};
		CCA3E77F24DE538700D82737 /* Products */ = {
			isa = PBXGroup;
			children = (
				CCA3E77E24DE538700D82737 /* SpritekitTestApp.app */,
			);
			name = Products;
			sourceTree = "<group>";
		};
		CCA3E78024DE538700D82737 /* SpritekitTestApp */ = {
			isa = PBXGroup;
			children = (
				CCA3E78124DE538700D82737 /* AppDelegate.swift */,
				CCA3E78324DE538700D82737 /* SceneDelegate.swift */,
				CCA3E78524DE538700D82737 /* ViewController.swift */,
				CCA3E78724DE538700D82737 /* Main.storyboard */,
				CCA3E78A24DE538800D82737 /* Assets.xcassets */,
				CCA3E78C24DE538800D82737 /* LaunchScreen.storyboard */,
				CCA3E78F24DE538800D82737 /* Info.plist */,
			);
			path = SpritekitTestApp;
			sourceTree = "<group>";
		};
/* End PBXGroup section */

/* Begin PBXNativeTarget section */
		CCA3E77D24DE538700D82737 /* SpritekitTestApp */ = {
			isa = PBXNativeTarget;
			buildConfigurationList = CCA3E79224DE538800D82737 /* Build configuration list for PBXNativeTarget "SpritekitTestApp" */;
			buildPhases = (
				CCA3E77A24DE538700D82737 /* Sources */,
				CCA3E77B24DE538700D82737 /* Frameworks */,
				CCA3E77C24DE538700D82737 /* Resources */,
			);
			buildRules = (
			);
			dependencies = (
			);
			name = SpritekitTestApp;
			productName = SpritekitTestApp;
			productReference = CCA3E77E24DE538700D82737 /* SpritekitTestApp.app */;
			productType = "com.apple.product-type.application";
		};
/* End PBXNativeTarget section */

/* Begin PBXProject section */
		CCA3E77624DE538700D82737 /* Project object */ = {
			isa = PBXProject;
			attributes = {
				LastSwiftUpdateCheck = 1160;
				LastUpgradeCheck = 1160;
				ORGANIZATIONNAME = "Aaron Fulwider";
				TargetAttributes = {
					CCA3E77D24DE538700D82737 = {
						CreatedOnToolsVersion = 11.6;
					};
				};
			};
			buildConfigurationList = CCA3E77924DE538700D82737 /* Build configuration list for PBXProject "SpritekitTestApp" */;
			compatibilityVersion = "Xcode 9.3";
			developmentRegion = en;
			hasScannedForEncodings = 0;
			knownRegions = (
				en,
				Base,
			);
			mainGroup = CCA3E77524DE538700D82737;
			productRefGroup = CCA3E77F24DE538700D82737 /* Products */;
			projectDirPath = "";
			projectRoot = "";
			targets = (
				CCA3E77D24DE538700D82737 /* SpritekitTestApp */,
			);
		};
/* End PBXProject section */

/* Begin PBXResourcesBuildPhase section */
		CCA3E77C24DE538700D82737 /* Resources */ = {
			isa = PBXResourcesBuildPhase;
			buildActionMask = 2147483647;
			files = (
				CCA3E78E24DE538800D82737 /* LaunchScreen.storyboard in Resources */,
				CCA3E78B24DE538800D82737 /* Assets.xcassets in Resources */,
				CCA3E78924DE538700D82737 /* Main.storyboard in Resources */,
			);
			runOnlyForDeploymentPostprocessing = 0;
		};
/* End PBXResourcesBuildPhase section */

/* Begin PBXSourcesBuildPhase section */
		CCA3E77A24DE538700D82737 /* Sources */ = {
			isa = PBXSourcesBuildPhase;
			buildActionMask = 2147483647;
			files = (
				CCA3E78624DE538700D82737 /* ViewController.swift in Sources */,
				CCA3E78224DE538700D82737 /* AppDelegate.swift in Sources */,
				CCA3E78424DE538700D82737 /* SceneDelegate.swift in Sources */,
			);
			runOnlyForDeploymentPostprocessing = 0;
		};
/* End PBXSourcesBuildPhase section */

/* Begin PBXVariantGroup section */
		CCA3E78724DE538700D82737 /* Main.storyboard */ = {
			isa = PBXVariantGroup;
			children = (
				CCA3E78824DE538700D82737 /* Base */,
			);
			name = Main.storyboard;
			sourceTree = "<group>";
		};
		CCA3E78C24DE538800D82737 /* LaunchScreen.storyboard */ = {
			isa = PBXVariantGroup;
			children = (
				CCA3E78D24DE538800D82737 /* Base */,
			);
			name = LaunchScreen.storyboard;
			sourceTree = "<group>";
		};
/* End PBXVariantGroup section */

/* Begin XCBuildConfiguration section */
		CCA3E79024DE538800D82737 /* Debug */ = {
			isa = XCBuildConfiguration;
			buildSettings = {
				ALWAYS_SEARCH_USER_PATHS = NO;
				CLANG_ANALYZER_NONNULL = YES;
				CLANG_ANALYZER_NUMBER_OBJECT_CONVERSION = YES_AGGRESSIVE;
				CLANG_CXX_LANGUAGE_STANDARD = "gnu++14";
				CLANG_CXX_LIBRARY = "libc++";
				CLANG_ENABLE_MODULES = YES;
				CLANG_ENABLE_OBJC_ARC = YES;
				CLANG_ENABLE_OBJC_WEAK = YES;
				CLANG_WARN_BLOCK_CAPTURE_AUTORELEASING = YES;
				CLANG_WARN_BOOL_CONVERSION = YES;
				CLANG_WARN_COMMA = YES;
				CLANG_WARN_CONSTANT_CONVERSION = YES;
				CLANG_WARN_DEPRECATED_OBJC_IMPLEMENTATIONS = YES;
				CLANG_WARN_DIRECT_OBJC_ISA_USAGE = YES_ERROR;
				CLANG_WARN_DOCUMENTATION_COMMENTS = YES;
				CLANG_WARN_EMPTY_BODY = YES;
				CLANG_WARN_ENUM_CONVERSION = YES;
				CLANG_WARN_INFINITE_RECURSION = YES;
				CLANG_WARN_INT_CONVERSION = YES;
				CLANG_WARN_NON_LITERAL_NULL_CONVERSION = YES;
				CLANG_WARN_OBJC_IMPLICIT_RETAIN_SELF = YES;
				CLANG_WARN_OBJC_LITERAL_CONVERSION = YES;
				CLANG_WARN_OBJC_ROOT_CLASS = YES_ERROR;
				CLANG_WARN_RANGE_LOOP_ANALYSIS = YES;
				CLANG_WARN_STRICT_PROTOTYPES = YES;
				CLANG_WARN_SUSPICIOUS_MOVE = YES;
				CLANG_WARN_UNGUARDED_AVAILABILITY = YES_AGGRESSIVE;
				CLANG_WARN_UNREACHABLE_CODE = YES;
				CLANG_WARN__DUPLICATE_METHOD_MATCH = YES;
				COPY_PHASE_STRIP = NO;
				DEBUG_INFORMATION_FORMAT = dwarf;
				ENABLE_STRICT_OBJC_MSGSEND = YES;
				ENABLE_TESTABILITY = YES;
				GCC_C_LANGUAGE_STANDARD = gnu11;
				GCC_DYNAMIC_NO_PIC = NO;
				GCC_NO_COMMON_BLOCKS = YES;
				GCC_OPTIMIZATION_LEVEL = 0;
				GCC_PREPROCESSOR_DEFINITIONS = (
					"DEBUG=1",
					"$(inherited)",
				);
				GCC_WARN_64_TO_32_BIT_CONVERSION = YES;
				GCC_WARN_ABOUT_RETURN_TYPE = YES_ERROR;
				GCC_WARN_UNDECLARED_SELECTOR = YES;
				GCC_WARN_UNINITIALIZED_AUTOS = YES_AGGRESSIVE;
				GCC_WARN_UNUSED_FUNCTION = YES;
				GCC_WARN_UNUSED_VARIABLE = YES;
				IPHONEOS_DEPLOYMENT_TARGET = 13.6;
				MTL_ENABLE_DEBUG_INFO = INCLUDE_SOURCE;
				MTL_FAST_MATH = YES;
				ONLY_ACTIVE_ARCH = YES;
				SDKROOT = iphoneos;
				SWIFT_ACTIVE_COMPILATION_CONDITIONS = DEBUG;
				SWIFT_OPTIMIZATION_LEVEL = "-Onone";
			};
			name = Debug;
		};
		CCA3E79124DE538800D82737 /* Release */ = {
			isa = XCBuildConfiguration;
			buildSettings = {
				ALWAYS_SEARCH_USER_PATHS = NO;
				CLANG_ANALYZER_NONNULL = YES;
				CLANG_ANALYZER_NUMBER_OBJECT_CONVERSION = YES_AGGRESSIVE;
				CLANG_CXX_LANGUAGE_STANDARD = "gnu++14";
				CLANG_CXX_LIBRARY = "libc++";
				CLANG_ENABLE_MODULES = YES;
				CLANG_ENABLE_OBJC_ARC = YES;
				CLANG_ENABLE_OBJC_WEAK = YES;
				CLANG_WARN_BLOCK_CAPTURE_AUTORELEASING = YES;
				CLANG_WARN_BOOL_CONVERSION = YES;
				CLANG_WARN_COMMA = YES;
				CLANG_WARN_CONSTANT_CONVERSION = YES;
				CLANG_WARN_DEPRECATED_OBJC_IMPLEMENTATIONS = YES;
				CLANG_WARN_DIRECT_OBJC_ISA_USAGE = YES_ERROR;
				CLANG_WARN_DOCUMENTATION_COMMENTS = YES;
				CLANG_WARN_EMPTY_BODY = YES;
				CLANG_WARN_ENUM_CONVERSION = YES;
				CLANG_WARN_INFINITE_RECURSION = YES;
				CLANG_WARN_INT_CONVERSION = YES;
				CLANG_WARN_NON_LITERAL_NULL_CONVERSION = YES;
				CLANG_WARN_OBJC_IMPLICIT_RETAIN_SELF = YES;
				CLANG_WARN_OBJC_LITERAL_CONVERSION = YES;
				CLANG_WARN_OBJC_ROOT_CLASS = YES_ERROR;
				CLANG_WARN_RANGE_LOOP_ANALYSIS = YES;
				CLANG_WARN_STRICT_PROTOTYPES = YES;
				CLANG_WARN_SUSPICIOUS_MOVE = YES;
				CLANG_WARN_UNGUARDED_AVAILABILITY = YES_AGGRESSIVE;
				CLANG_WARN_UNREACHABLE_CODE = YES;
				CLANG_WARN__DUPLICATE_METHOD_MATCH = YES;
				COPY_PHASE_STRIP = NO;
				DEBUG_INFORMATION_FORMAT = "dwarf-with-dsym";
				ENABLE_NS_ASSERTIONS = NO;
				ENABLE_STRICT_OBJC_MSGSEND = YES;
				GCC_C_LANGUAGE_STANDARD = gnu11;
				GCC_NO_COMMON_BLOCKS = YES;
				GCC_WARN_64_TO_32_BIT_CONVERSION = YES;
				GCC_WARN_ABOUT_RETURN_TYPE = YES_ERROR;
				GCC_WARN_UNDECLARED_SELECTOR = YES;
				GCC_WARN_UNINITIALIZED_AUTOS = YES_AGGRESSIVE;
				GCC_WARN_UNUSED_FUNCTION = YES;
				GCC_WARN_UNUSED_VARIABLE = YES;
				IPHONEOS_DEPLOYMENT_TARGET = 13.6;
				MTL_ENABLE_DEBUG_INFO = NO;
				MTL_FAST_MATH = YES;
				SDKROOT = iphoneos;
				SWIFT_COMPILATION_MODE = wholemodule;
				SWIFT_OPTIMIZATION_LEVEL = "-O";
				VALIDATE_PRODUCT = YES;
			};
			name = Release;
		};
		CCA3E79324DE538800D82737 /* Debug */ = {
			isa = XCBuildConfiguration;
			buildSettings = {
				ASSETCATALOG_COMPILER_APPICON_NAME = AppIcon;
				CODE_SIGN_STYLE = Automatic;
				DEVELOPMENT_TEAM = ZD753K9SY2;
				INFOPLIST_FILE = SpritekitTestApp/Info.plist;
				LD_RUNPATH_SEARCH_PATHS = (
					"$(inherited)",
					"@executable_path/Frameworks",
				);
				PRODUCT_BUNDLE_IDENTIFIER = com.aaronfulwider.SpritekitTestApp;
				PRODUCT_NAME = "$(TARGET_NAME)";
				SWIFT_VERSION = 5.0;
				TARGETED_DEVICE_FAMILY = "1,2";
			};
			name = Debug;
		};
		CCA3E79424DE538800D82737 /* Release */ = {
			isa = XCBuildConfiguration;
			buildSettings = {
				ASSETCATALOG_COMPILER_APPICON_NAME = AppIcon;
				CODE_SIGN_STYLE = Automatic;
				DEVELOPMENT_TEAM = ZD753K9SY2;
				INFOPLIST_FILE = SpritekitTestApp/Info.plist;
				LD_RUNPATH_SEARCH_PATHS = (
					"$(inherited)",
					"@executable_path/Frameworks",
				);
				PRODUCT_BUNDLE_IDENTIFIER = com.aaronfulwider.SpritekitTestApp;
				PRODUCT_NAME = "$(TARGET_NAME)";
				SWIFT_VERSION = 5.0;
				TARGETED_DEVICE_FAMILY = "1,2";
			};
			name = Release;
		};
/* End XCBuildConfiguration section */

/* Begin XCConfigurationList section */
		CCA3E77924DE538700D82737 /* Build configuration list for PBXProject "SpritekitTestApp" */ = {
			isa = XCConfigurationList;
			buildConfigurations = (
				CCA3E79024DE538800D82737 /* Debug */,
				CCA3E79124DE538800D82737 /* Release */,
			);
			defaultConfigurationIsVisible = 0;
			defaultConfigurationName = Release;
		};
		CCA3E79224DE538800D82737 /* Build configuration list for PBXNativeTarget "SpritekitTestApp" */ = {
			isa = XCConfigurationList;
			buildConfigurations = (
				CCA3E79324DE538800D82737 /* Debug */,
				CCA3E79424DE538800D82737 /* Release */,
			);
			defaultConfigurationIsVisible = 0;
			defaultConfigurationName = Release;
		};
/* End XCConfigurationList section */
	};
	rootObject = CCA3E77624DE538700D82737 /* Project object */;
}
